{
    "_readme": [
        "This file locks the dependencies of your project to a known state",
        "Read more about it at http://getcomposer.org/doc/01-basic-usage.md#composer-lock-the-lock-file"
    ],
    "hash": "2666b23b14486d1569fc191d10230262",
    "packages": [
        {
            "name": "nikic/iter",
            "version": "dev-master",
            "source": {
                "type": "git",
                "url": "https://github.com/nikic/iter.git",
                "reference": "aa33666da6367f0b810256092771139316bbd28f"
            },
            "dist": {
                "type": "zip",
                "url": "https://api.github.com/repos/nikic/iter/zipball/aa33666da6367f0b810256092771139316bbd28f",
                "reference": "aa33666da6367f0b810256092771139316bbd28f",
                "shasum": ""
            },
            "type": "library",
            "autoload": {
                "files": [
                    "src/bootstrap.php"
                ]
            },
            "notification-url": "https://packagist.org/downloads/",
            "license": [
                "BSD-3-Clause"
            ],
            "authors": [
                {
                    "name": "Nikita Popov",
                    "email": "nikic@php.net"
                }
            ],
            "description": "Iteration primitives using generators",
            "keywords": [
                "functional",
                "generator",
                "iterator"
            ],
            "time": "2013-11-28 16:20:10"
        }
    ],
    "packages-dev": [
        {
            "name": "jakubledl/dissect",
            "version": "dev-develop",
            "source": {
                "type": "git",
                "url": "https://github.com/jakubledl/dissect.git",
                "reference": "4074bc69130e8c7a3221f45f2451e69c6584a030"
            },
            "dist": {
                "type": "zip",
                "url": "https://api.github.com/repos/jakubledl/dissect/zipball/4074bc69130e8c7a3221f45f2451e69c6584a030",
                "reference": "4074bc69130e8c7a3221f45f2451e69c6584a030",
                "shasum": ""
            },
            "require": {
                "php": ">=5.3.3"
            },
            "require-dev": {
                "symfony/console": "~2.1"
            },
            "suggest": {
                "symfony/console": "for the command-line tool"
            },
            "bin": [
                "bin/dissect.php",
                "bin/dissect"
            ],
            "type": "library",
            "autoload": {
                "psr-0": {
                    "Dissect": [
                        "src/"
                    ]
                }
            },
            "notification-url": "https://packagist.org/downloads/",
            "license": [
                "unlicense"
            ],
            "authors": [
                {
                    "name": "Jakub Lédl",
                    "email": "jakubledl@gmail.com"
                }
            ],
            "description": "Lexing and parsing in pure PHP",
            "homepage": "https://github.com/jakubledl/dissect",
            "keywords": [
                "ast",
                "lexing",
                "parser",
                "parsing"
            ],
            "time": "2013-02-02 19:54:21"
        }
    ],
    "aliases": [

    ],
    "minimum-stability": "stable",
    "stability-flags": {
        "nikic/iter": 20,
        "jakubledl/dissect": 20
    },
    "platform": [

    ],
    "platform-dev": [

    ]
}
